{
  "name": "Bookish",
  "lockfileVersion": 3,
  "requires": true,
  "packages": {
    "": {
      "dependencies": {
        "@fontsource/lora": "^5.2.8",
        "@fontsource/playfair-display": "^5.2.8"
      }
    },
    "node_modules/@fontsource/lora": {
      "version": "5.2.8",
      "resolved": "https://registry.npmjs.org/@fontsource/lora/-/lora-5.2.8.tgz",
      "integrity": "sha512-AQlfsHw4TP1x/eb2IZ6VjQ70ctKa39m9JN9A4zlvDOeKYLrCs+GaYIEQ86Y6YfSPGHn01bErXkRcyktOW0LOPQ==",
      "license": "OFL-1.1",
      "funding": {
        "url": "https://github.com/sponsors/ayuhito"
      }
    },
    "node_modules/@fontsource/playfair-display": {
      "version": "5.2.8",
      "resolved": "https://registry.npmjs.org/@fontsource/playfair-display/-/playfair-display-5.2.8.tgz",
      "integrity": "sha512-fUEhib70SszNhQVsGbUMSsWJhr7Je0rdeuZdtGpDNu0GKF1xJM8QhpI/y0pckU25GcChXm9TLOmeZupkvvZo2g==",
      "license": "OFL-1.1",
      "funding": {
        "url": "https://github.com/sponsors/ayuhito"
      }
    }
  }
}
